
Microsoft Visual Studio Solution File, Format Version 12.00
# Visual Studio Version 17
VisualStudioVersion = 17.0.31903.59
MinimumVisualStudioVersion = 10.0.40219.1
Project("{FAE04EC0-301F-11D3-BF4B-00C04F79EFBC}") = "InterfaceCallRelationship", "InterfaceCallRelationship\InterfaceCallRelationship.csproj", "{635BA661-FCE9-40AE-9B8C-CB60B0E0959F}"
EndProject
Project("{FAE04EC0-301F-11D3-BF4B-00C04F79EFBC}") = "InterfaceCallRelationship.Model", "InterfaceCallRelationship.Model\InterfaceCallRelationship.Model.csproj", "{F47C09FA-92A4-4AD1-A58E-1AAC9FD0F89B}"
EndProject
Project("{FAE04EC0-301F-11D3-BF4B-00C04F79EFBC}") = "InterfaceCallRelationship.ViewModel", "InterfaceCallRelationship.ViewModel\InterfaceCallRelationship.ViewModel.csproj", "{EA985E49-FCD0-4BAA-9001-65B14B68577C}"
EndProject
Project("{FAE04EC0-301F-11D3-BF4B-00C04F79EFBC}") = "InterfaceCallRelationship.DataAccess", "InterfaceCallRelationship.DataAccess\InterfaceCallRelationship.DataAccess.csproj", "{CA06549C-7424-48B0-89E5-6FDDAF70C004}"
EndProject
Global
	GlobalSection(SolutionConfigurationPlatforms) = preSolution
		Debug|Any CPU = Debug|Any CPU
		Release|Any CPU = Release|Any CPU
	EndGlobalSection
	GlobalSection(ProjectConfigurationPlatforms) = postSolution
		{635BA661-FCE9-40AE-9B8C-CB60B0E0959F}.Debug|Any CPU.ActiveCfg = Debug|Any CPU
		{635BA661-FCE9-40AE-9B8C-CB60B0E0959F}.Debug|Any CPU.Build.0 = Debug|Any CPU
		{635BA661-FCE9-40AE-9B8C-CB60B0E0959F}.Release|Any CPU.ActiveCfg = Release|Any CPU
		{635BA661-FCE9-40AE-9B8C-CB60B0E0959F}.Release|Any CPU.Build.0 = Release|Any CPU
		{F47C09FA-92A4-4AD1-A58E-1AAC9FD0F89B}.Debug|Any CPU.ActiveCfg = Debug|Any CPU
		{F47C09FA-92A4-4AD1-A58E-1AAC9FD0F89B}.Debug|Any CPU.Build.0 = Debug|Any CPU
		{F47C09FA-92A4-4AD1-A58E-1AAC9FD0F89B}.Release|Any CPU.ActiveCfg = Release|Any CPU
		{F47C09FA-92A4-4AD1-A58E-1AAC9FD0F89B}.Release|Any CPU.Build.0 = Release|Any CPU
		{EA985E49-FCD0-4BAA-9001-65B14B68577C}.Debug|Any CPU.ActiveCfg = Debug|Any CPU
		{EA985E49-FCD0-4BAA-9001-65B14B68577C}.Debug|Any CPU.Build.0 = Debug|Any CPU
		{EA985E49-FCD0-4BAA-9001-65B14B68577C}.Release|Any CPU.ActiveCfg = Release|Any CPU
		{EA985E49-FCD0-4BAA-9001-65B14B68577C}.Release|Any CPU.Build.0 = Release|Any CPU
		{CA06549C-7424-48B0-89E5-6FDDAF70C004}.Debug|Any CPU.ActiveCfg = Debug|Any CPU
		{CA06549C-7424-48B0-89E5-6FDDAF70C004}.Debug|Any CPU.Build.0 = Debug|Any CPU
		{CA06549C-7424-48B0-89E5-6FDDAF70C004}.Release|Any CPU.ActiveCfg = Release|Any CPU
		{CA06549C-7424-48B0-89E5-6FDDAF70C004}.Release|Any CPU.Build.0 = Release|Any CPU
	EndGlobalSection
	GlobalSection(SolutionProperties) = preSolution
		HideSolutionNode = FALSE
	EndGlobalSection
	GlobalSection(ExtensibilityGlobals) = postSolution
		SolutionGuid = {1F5E0A9E-F5CF-4728-BE0F-B2DC13322643}
	EndGlobalSection
EndGlobal
